
Microsoft Visual Studio Solution File, Format Version 12.00
# Visual Studio 14
VisualStudioVersion = 14.0.25420.1
MinimumVisualStudioVersion = 10.0.40219.1
Project("{FAE04EC0-301F-11D3-BF4B-00C04F79EFBC}") = "SismaV02", "SismaV02\SismaV02.csproj", "{54900CE3-4F02-4FEF-B0E9-49A29F58CEBB}"
EndProject
Global
	GlobalSection(SolutionConfigurationPlatforms) = preSolution
		Debug|Any CPU = Debug|Any CPU
		Release|Any CPU = Release|Any CPU
	EndGlobalSection
	GlobalSection(ProjectConfigurationPlatforms) = postSolution
		{54900CE3-4F02-4FEF-B0E9-49A29F58CEBB}.Debug|Any CPU.ActiveCfg = Debug|Any CPU
		{54900CE3-4F02-4FEF-B0E9-49A29F58CEBB}.Debug|Any CPU.Build.0 = Debug|Any CPU
		{54900CE3-4F02-4FEF-B0E9-49A29F58CEBB}.Release|Any CPU.ActiveCfg = Release|Any CPU
		{54900CE3-4F02-4FEF-B0E9-49A29F58CEBB}.Release|Any CPU.Build.0 = Release|Any CPU
	EndGlobalSection
	GlobalSection(SolutionProperties) = preSolution
		HideSolutionNode = FALSE
	EndGlobalSection
EndGlobal
